// !$*UTF8*$!
{
	archiveVersion = 1;
	classes = {
	};
	objectVersion = 46;
	objects = {

/* Begin PBXBuildFile section */
		556B11AB1DAA1BC700DBBFAE /* main.m in Sources */ = {isa = PBXBuildFile; fileRef = 556B11AA1DAA1BC700DBBFAE /* main.m */; };
		556B11AE1DAA1BC700DBBFAE /* AppDelegate.m in Sources */ = {isa = PBXBuildFile; fileRef = 556B11AD1DAA1BC700DBBFAE /* AppDelegate.m */; };
		556B11B11DAA1BC700DBBFAE /* ViewController.m in Sources */ = {isa = PBXBuildFile; fileRef = 556B11B01DAA1BC700DBBFAE /* ViewController.m */; };
		556B11B41DAA1BC700DBBFAE /* Main.storyboard in Resources */ = {isa = PBXBuildFile; fileRef = 556B11B21DAA1BC700DBBFAE /* Main.storyboard */; };
		556B11B61DAA1BC700DBBFAE /* Assets.xcassets in Resources */ = {isa = PBXBuildFile; fileRef = 556B11B51DAA1BC700DBBFAE /* Assets.xcassets */; };
		556B11B91DAA1BC700DBBFAE /* LaunchScreen.storyboard in Resources */ = {isa = PBXBuildFile; fileRef = 556B11B71DAA1BC700DBBFAE /* LaunchScreen.storyboard */; };
		556B11C21DAA1C1000DBBFAE /* BlocksViewController.m in Sources */ = {isa = PBXBuildFile; fileRef = 556B11C11DAA1C1000DBBFAE /* BlocksViewController.m */; };
		556B11C41DAA1C6C00DBBFAE /* Blocks.storyboard in Resources */ = {isa = PBXBuildFile; fileRef = 556B11C31DAA1C6C00DBBFAE /* Blocks.storyboard */; };
/* End PBXBuildFile section */

/* Begin PBXFileReference section */
		556B11A61DAA1BC700DBBFAE /* Blocks.app */ = {isa = PBXFileReference; explicitFileType = wrapper.application; includeInIndex = 0; path = Blocks.app; sourceTree = BUILT_PRODUCTS_DIR; };
		556B11AA1DAA1BC700DBBFAE /* main.m */ = {isa = PBXFileReference; lastKnownFileType = sourcecode.c.objc; path = main.m; sourceTree = "<group>"; };
		556B11AC1DAA1BC700DBBFAE /* AppDelegate.h */ = {isa = PBXFileReference; lastKnownFileType = sourcecode.c.h; path = AppDelegate.h; sourceTree = "<group>"; };
		556B11AD1DAA1BC700DBBFAE /* AppDelegate.m */ = {isa = PBXFileReference; lastKnownFileType = sourcecode.c.objc; path = AppDelegate.m; sourceTree = "<group>"; };
		556B11AF1DAA1BC700DBBFAE /* ViewController.h */ = {isa = PBXFileReference; lastKnownFileType = sourcecode.c.h; path = ViewController.h; sourceTree = "<group>"; };
		556B11B01DAA1BC700DBBFAE /* ViewController.m */ = {isa = PBXFileReference; lastKnownFileType = sourcecode.c.objc; path = ViewController.m; sourceTree = "<group>"; };
		556B11B31DAA1BC700DBBFAE /* Base */ = {isa = PBXFileReference; lastKnownFileType = file.storyboard; name = Base; path = Base.lproj/Main.storyboard; sourceTree = "<group>"; };
		556B11B51DAA1BC700DBBFAE /* Assets.xcassets */ = {isa = PBXFileReference; lastKnownFileType = folder.assetcatalog; path = Assets.xcassets; sourceTree = "<group>"; };
		556B11B81DAA1BC700DBBFAE /* Base */ = {isa = PBXFileReference; lastKnownFileType = file.storyboard; name = Base; path = Base.lproj/LaunchScreen.storyboard; sourceTree = "<group>"; };
		556B11BA1DAA1BC700DBBFAE /* Info.plist */ = {isa = PBXFileReference; lastKnownFileType = text.plist.xml; path = Info.plist; sourceTree = "<group>"; };
		556B11C01DAA1C1000DBBFAE /* BlocksViewController.h */ = {isa = PBXFileReference; fileEncoding = 4; lastKnownFileType = sourcecode.c.h; path = BlocksViewController.h; sourceTree = "<group>"; };
		556B11C11DAA1C1000DBBFAE /* BlocksViewController.m */ = {isa = PBXFileReference; fileEncoding = 4; lastKnownFileType = sourcecode.c.objc; path = BlocksViewController.m; sourceTree = "<group>"; };
		556B11C31DAA1C6C00DBBFAE /* Blocks.storyboard */ = {isa = PBXFileReference; fileEncoding = 4; lastKnownFileType = file.storyboard; path = Blocks.storyboard; sourceTree = "<group>"; };
/* End PBXFileReference section */

/* Begin PBXFrameworksBuildPhase section */
		556B11A31DAA1BC700DBBFAE /* Frameworks */ = {
			isa = PBXFrameworksBuildPhase;
			buildActionMask = 2147483647;
			files = (
			);
			runOnlyForDeploymentPostprocessing = 0;
		};
/* End PBXFrameworksBuildPhase section */

/* Begin PBXGroup section */
		556B119D1DAA1BC700DBBFAE = {
			isa = PBXGroup;
			children = (
				556B11A81DAA1BC700DBBFAE /* Blocks */,
				556B11A71DAA1BC700DBBFAE /* Products */,
			);
			sourceTree = "<group>";
		};
		556B11A71DAA1BC700DBBFAE /* Products */ = {
			isa = PBXGroup;
			children = (
				556B11A61DAA1BC700DBBFAE /* Blocks.app */,
			);
			name = Products;
			sourceTree = "<group>";
		};
		556B11A81DAA1BC700DBBFAE /* Blocks */ = {
			isa = PBXGroup;
			children = (
				556B11AC1DAA1BC700DBBFAE /* AppDelegate.h */,
				556B11AD1DAA1BC700DBBFAE /* AppDelegate.m */,
				556B11AF1DAA1BC700DBBFAE /* ViewController.h */,
				556B11B01DAA1BC700DBBFAE /* ViewController.m */,
				556B11C01DAA1C1000DBBFAE /* BlocksViewController.h */,
				556B11C11DAA1C1000DBBFAE /* BlocksViewController.m */,
				556B11B21DAA1BC700DBBFAE /* Main.storyboard */,
				556B11C31DAA1C6C00DBBFAE /* Blocks.storyboard */,
				556B11B51DAA1BC700DBBFAE /* Assets.xcassets */,
				556B11B71DAA1BC700DBBFAE /* LaunchScreen.storyboard */,
				556B11BA1DAA1BC700DBBFAE /* Info.plist */,
				556B11A91DAA1BC700DBBFAE /* Supporting Files */,
			);
			path = Blocks;
			sourceTree = "<group>";
		};
		556B11A91DAA1BC700DBBFAE /* Supporting Files */ = {
			isa = PBXGroup;
			children = (
				556B11AA1DAA1BC700DBBFAE /* main.m */,
			);
			name = "Supporting Files";
			sourceTree = "<group>";
		};
/* End PBXGroup section */

/* Begin PBXNativeTarget section */
		556B11A51DAA1BC700DBBFAE /* Blocks */ = {
			isa = PBXNativeTarget;
			buildConfigurationList = 556B11BD1DAA1BC700DBBFAE /* Build configuration list for PBXNativeTarget "Blocks" */;
			buildPhases = (
				556B11A21DAA1BC700DBBFAE /* Sources */,
				556B11A31DAA1BC700DBBFAE /* Frameworks */,
				556B11A41DAA1BC700DBBFAE /* Resources */,
			);
			buildRules = (
			);
			dependencies = (
			);
			name = Blocks;
			productName = Blocks;
			productReference = 556B11A61DAA1BC700DBBFAE /* Blocks.app */;
			productType = "com.apple.product-type.application";
		};
/* End PBXNativeTarget section */

/* Begin PBXProject section */
		556B119E1DAA1BC700DBBFAE /* Project object */ = {
			isa = PBXProject;
			attributes = {
				LastUpgradeCheck = 0800;
				ORGANIZATIONNAME = victoria;
				TargetAttributes = {
					556B11A51DAA1BC700DBBFAE = {
						CreatedOnToolsVersion = 8.0;
						ProvisioningStyle = Automatic;
					};
				};
			};
			buildConfigurationList = 556B11A11DAA1BC700DBBFAE /* Build configuration list for PBXProject "Blocks" */;
			compatibilityVersion = "Xcode 3.2";
			developmentRegion = English;
			hasScannedForEncodings = 0;
			knownRegions = (
				en,
				Base,
			);
			mainGroup = 556B119D1DAA1BC700DBBFAE;
			productRefGroup = 556B11A71DAA1BC700DBBFAE /* Products */;
			projectDirPath = "";
			projectRoot = "";
			targets = (
				556B11A51DAA1BC700DBBFAE /* Blocks */,
			);
		};
/* End PBXProject section */

/* Begin PBXResourcesBuildPhase section */
		556B11A41DAA1BC700DBBFAE /* Resources */ = {
			isa = PBXResourcesBuildPhase;
			buildActionMask = 2147483647;
			files = (
				556B11B91DAA1BC700DBBFAE /* LaunchScreen.storyboard in Resources */,
				556B11B61DAA1BC700DBBFAE /* Assets.xcassets in Resources */,
				556B11C41DAA1C6C00DBBFAE /* Blocks.storyboard in Resources */,
				556B11B41DAA1BC700DBBFAE /* Main.storyboard in Resources */,
			);
			runOnlyForDeploymentPostprocessing = 0;
		};
/* End PBXResourcesBuildPhase section */

/* Begin PBXSourcesBuildPhase section */
		556B11A21DAA1BC700DBBFAE /* Sources */ = {
			isa = PBXSourcesBuildPhase;
			buildActionMask = 2147483647;
			files = (
				556B11B11DAA1BC700DBBFAE /* ViewController.m in Sources */,
				556B11AE1DAA1BC700DBBFAE /* AppDelegate.m in Sources */,
				556B11C21DAA1C1000DBBFAE /* BlocksViewController.m in Sources */,
				556B11AB1DAA1BC700DBBFAE /* main.m in Sources */,
			);
			runOnlyForDeploymentPostprocessing = 0;
		};
/* End PBXSourcesBuildPhase section */

/* Begin PBXVariantGroup section */
		556B11B21DAA1BC700DBBFAE /* Main.storyboard */ = {
			isa = PBXVariantGroup;
			children = (
				556B11B31DAA1BC700DBBFAE /* Base */,
			);
			name = Main.storyboard;
			sourceTree = "<group>";
		};
		556B11B71DAA1BC700DBBFAE /* LaunchScreen.storyboard */ = {
			isa = PBXVariantGroup;
			children = (
				556B11B81DAA1BC700DBBFAE /* Base */,
			);
			name = LaunchScreen.storyboard;
			sourceTree = "<group>";
		};
/* End PBXVariantGroup section */

/* Begin XCBuildConfiguration section */
		556B11BB1DAA1BC700DBBFAE /* Debug */ = {
			isa = XCBuildConfiguration;
			buildSettings = {
				ALWAYS_SEARCH_USER_PATHS = NO;
				CLANG_ANALYZER_NONNULL = YES;
				CLANG_CXX_LANGUAGE_STANDARD = "gnu++0x";
				CLANG_CXX_LIBRARY = "libc++";
				CLANG_ENABLE_MODULES = YES;
				CLANG_ENABLE_OBJC_ARC = YES;
				CLANG_WARN_BOOL_CONVERSION = YES;
				CLANG_WARN_CONSTANT_CONVERSION = YES;
				CLANG_WARN_DIRECT_OBJC_ISA_USAGE = YES_ERROR;
				CLANG_WARN_DOCUMENTATION_COMMENTS = YES;
				CLANG_WARN_EMPTY_BODY = YES;
				CLANG_WARN_ENUM_CONVERSION = YES;
				CLANG_WARN_INFINITE_RECURSION = YES;
				CLANG_WARN_INT_CONVERSION = YES;
				CLANG_WARN_OBJC_ROOT_CLASS = YES_ERROR;
				CLANG_WARN_SUSPICIOUS_MOVES = YES;
				CLANG_WARN_UNREACHABLE_CODE = YES;
				CLANG_WARN__DUPLICATE_METHOD_MATCH = YES;
				"CODE_SIGN_IDENTITY[sdk=iphoneos*]" = "iPhone Developer";
				COPY_PHASE_STRIP = NO;
				DEBUG_INFORMATION_FORMAT = dwarf;
				ENABLE_STRICT_OBJC_MSGSEND = YES;
				ENABLE_TESTABILITY = YES;
				GCC_C_LANGUAGE_STANDARD = gnu99;
				GCC_DYNAMIC_NO_PIC = NO;
				GCC_NO_COMMON_BLOCKS = YES;
				GCC_OPTIMIZATION_LEVEL = 0;
				GCC_PREPROCESSOR_DEFINITIONS = (
					"DEBUG=1",
					"$(inherited)",
				);
				GCC_WARN_64_TO_32_BIT_CONVERSION = YES;
				GCC_WARN_ABOUT_RETURN_TYPE = YES_ERROR;
				GCC_WARN_UNDECLARED_SELECTOR = YES;
				GCC_WARN_UNINITIALIZED_AUTOS = YES_AGGRESSIVE;
				GCC_WARN_UNUSED_FUNCTION = YES;
				GCC_WARN_UNUSED_VARIABLE = YES;
				IPHONEOS_DEPLOYMENT_TARGET = 10.0;
				MTL_ENABLE_DEBUG_INFO = YES;
				ONLY_ACTIVE_ARCH = YES;
				SDKROOT = iphoneos;
				TARGETED_DEVICE_FAMILY = "1,2";
			};
			name = Debug;
		};
		556B11BC1DAA1BC700DBBFAE /* Release */ = {
			isa = XCBuildConfiguration;
			buildSettings = {
				ALWAYS_SEARCH_USER_PATHS = NO;
				CLANG_ANALYZER_NONNULL = YES;
				CLANG_CXX_LANGUAGE_STANDARD = "gnu++0x";
				CLANG_CXX_LIBRARY = "libc++";
				CLANG_ENABLE_MODULES = YES;
				CLANG_ENABLE_OBJC_ARC = YES;
				CLANG_WARN_BOOL_CONVERSION = YES;
				CLANG_WARN_CONSTANT_CONVERSION = YES;
				CLANG_WARN_DIRECT_OBJC_ISA_USAGE = YES_ERROR;
				CLANG_WARN_DOCUMENTATION_COMMENTS = YES;
				CLANG_WARN_EMPTY_BODY = YES;
				CLANG_WARN_ENUM_CONVERSION = YES;
				CLANG_WARN_INFINITE_RECURSION = YES;
				CLANG_WARN_INT_CONVERSION = YES;
				CLANG_WARN_OBJC_ROOT_CLASS = YES_ERROR;
				CLANG_WARN_SUSPICIOUS_MOVES = YES;
				CLANG_WARN_UNREACHABLE_CODE = YES;
				CLANG_WARN__DUPLICATE_METHOD_MATCH = YES;
				"CODE_SIGN_IDENTITY[sdk=iphoneos*]" = "iPhone Developer";
				COPY_PHASE_STRIP = NO;
				DEBUG_INFORMATION_FORMAT = "dwarf-with-dsym";
				ENABLE_NS_ASSERTIONS = NO;
				ENABLE_STRICT_OBJC_MSGSEND = YES;
				GCC_C_LANGUAGE_STANDARD = gnu99;
				GCC_NO_COMMON_BLOCKS = YES;
				GCC_WARN_64_TO_32_BIT_CONVERSION = YES;
				GCC_WARN_ABOUT_RETURN_TYPE = YES_ERROR;
				GCC_WARN_UNDECLARED_SELECTOR = YES;
				GCC_WARN_UNINITIALIZED_AUTOS = YES_AGGRESSIVE;
				GCC_WARN_UNUSED_FUNCTION = YES;
				GCC_WARN_UNUSED_VARIABLE = YES;
				IPHONEOS_DEPLOYMENT_TARGET = 10.0;
				MTL_ENABLE_DEBUG_INFO = NO;
				SDKROOT = iphoneos;
				TARGETED_DEVICE_FAMILY = "1,2";
				VALIDATE_PRODUCT = YES;
			};
			name = Release;
		};
		556B11BE1DAA1BC700DBBFAE /* Debug */ = {
			isa = XCBuildConfiguration;
			buildSettings = {
				ASSETCATALOG_COMPILER_APPICON_NAME = AppIcon;
				INFOPLIST_FILE = Blocks/Info.plist;
				LD_RUNPATH_SEARCH_PATHS = "$(inherited) @executable_path/Frameworks";
				PRODUCT_BUNDLE_IDENTIFIER = mm.Blocks;
				PRODUCT_NAME = "$(TARGET_NAME)";
			};
			name = Debug;
		};
		556B11BF1DAA1BC700DBBFAE /* Release */ = {
			isa = XCBuildConfiguration;
			buildSettings = {
				ASSETCATALOG_COMPILER_APPICON_NAME = AppIcon;
				INFOPLIST_FILE = Blocks/Info.plist;
				LD_RUNPATH_SEARCH_PATHS = "$(inherited) @executable_path/Frameworks";
				PRODUCT_BUNDLE_IDENTIFIER = mm.Blocks;
				PRODUCT_NAME = "$(TARGET_NAME)";
			};
			name = Release;
		};
/* End XCBuildConfiguration section */

/* Begin XCConfigurationList section */
		556B11A11DAA1BC700DBBFAE /* Build configuration list for PBXProject "Blocks" */ = {
			isa = XCConfigurationList;
			buildConfigurations = (
				556B11BB1DAA1BC700DBBFAE /* Debug */,
				556B11BC1DAA1BC700DBBFAE /* Release */,
			);
			defaultConfigurationIsVisible = 0;
			defaultConfigurationName = Release;
		};
		556B11BD1DAA1BC700DBBFAE /* Build configuration list for PBXNativeTarget "Blocks" */ = {
			isa = XCConfigurationList;
			buildConfigurations = (
				556B11BE1DAA1BC700DBBFAE /* Debug */,
				556B11BF1DAA1BC700DBBFAE /* Release */,
			);
			defaultConfigurationIsVisible = 0;
		};
/* End XCConfigurationList section */
	};
	rootObject = 556B119E1DAA1BC700DBBFAE /* Project object */;
}
