// !$*UTF8*$!
{
	archiveVersion = 1;
	classes = {
	};
	objectVersion = 46;
	objects = {

/* Begin PBXBuildFile section */
		55BA1BA31DA8F69A0075E425 /* main.m in Sources */ = {isa = PBXBuildFile; fileRef = 55BA1BA21DA8F69A0075E425 /* main.m */; };
		55BA1BA61DA8F69A0075E425 /* AppDelegate.m in Sources */ = {isa = PBXBuildFile; fileRef = 55BA1BA51DA8F69A0075E425 /* AppDelegate.m */; };
		55BA1BA91DA8F69A0075E425 /* ViewController.m in Sources */ = {isa = PBXBuildFile; fileRef = 55BA1BA81DA8F69A0075E425 /* ViewController.m */; };
		55BA1BAC1DA8F69A0075E425 /* Main.storyboard in Resources */ = {isa = PBXBuildFile; fileRef = 55BA1BAA1DA8F69A0075E425 /* Main.storyboard */; };
		55BA1BAE1DA8F69A0075E425 /* Assets.xcassets in Resources */ = {isa = PBXBuildFile; fileRef = 55BA1BAD1DA8F69A0075E425 /* Assets.xcassets */; };
		55BA1BB11DA8F69A0075E425 /* LaunchScreen.storyboard in Resources */ = {isa = PBXBuildFile; fileRef = 55BA1BAF1DA8F69A0075E425 /* LaunchScreen.storyboard */; };
		55BA1BBB1DA8F7500075E425 /* Blocks.storyboard in Resources */ = {isa = PBXBuildFile; fileRef = 55BA1BB81DA8F7500075E425 /* Blocks.storyboard */; };
		55BA1BBC1DA8F7500075E425 /* BlocksViewController.m in Sources */ = {isa = PBXBuildFile; fileRef = 55BA1BBA1DA8F7500075E425 /* BlocksViewController.m */; };
/* End PBXBuildFile section */

/* Begin PBXFileReference section */
		55BA1B9E1DA8F69A0075E425 /* OC_Block.app */ = {isa = PBXFileReference; explicitFileType = wrapper.application; includeInIndex = 0; path = OC_Block.app; sourceTree = BUILT_PRODUCTS_DIR; };
		55BA1BA21DA8F69A0075E425 /* main.m */ = {isa = PBXFileReference; lastKnownFileType = sourcecode.c.objc; path = main.m; sourceTree = "<group>"; };
		55BA1BA41DA8F69A0075E425 /* AppDelegate.h */ = {isa = PBXFileReference; lastKnownFileType = sourcecode.c.h; path = AppDelegate.h; sourceTree = "<group>"; };
		55BA1BA51DA8F69A0075E425 /* AppDelegate.m */ = {isa = PBXFileReference; lastKnownFileType = sourcecode.c.objc; path = AppDelegate.m; sourceTree = "<group>"; };
		55BA1BA71DA8F69A0075E425 /* ViewController.h */ = {isa = PBXFileReference; lastKnownFileType = sourcecode.c.h; path = ViewController.h; sourceTree = "<group>"; };
		55BA1BA81DA8F69A0075E425 /* ViewController.m */ = {isa = PBXFileReference; lastKnownFileType = sourcecode.c.objc; path = ViewController.m; sourceTree = "<group>"; };
		55BA1BAB1DA8F69A0075E425 /* Base */ = {isa = PBXFileReference; lastKnownFileType = file.storyboard; name = Base; path = Base.lproj/Main.storyboard; sourceTree = "<group>"; };
		55BA1BAD1DA8F69A0075E425 /* Assets.xcassets */ = {isa = PBXFileReference; lastKnownFileType = folder.assetcatalog; path = Assets.xcassets; sourceTree = "<group>"; };
		55BA1BB01DA8F69A0075E425 /* Base */ = {isa = PBXFileReference; lastKnownFileType = file.storyboard; name = Base; path = Base.lproj/LaunchScreen.storyboard; sourceTree = "<group>"; };
		55BA1BB21DA8F69A0075E425 /* Info.plist */ = {isa = PBXFileReference; lastKnownFileType = text.plist.xml; path = Info.plist; sourceTree = "<group>"; };
		55BA1BB81DA8F7500075E425 /* Blocks.storyboard */ = {isa = PBXFileReference; fileEncoding = 4; lastKnownFileType = file.storyboard; path = Blocks.storyboard; sourceTree = "<group>"; };
		55BA1BB91DA8F7500075E425 /* BlocksViewController.h */ = {isa = PBXFileReference; fileEncoding = 4; lastKnownFileType = sourcecode.c.h; path = BlocksViewController.h; sourceTree = "<group>"; };
		55BA1BBA1DA8F7500075E425 /* BlocksViewController.m */ = {isa = PBXFileReference; fileEncoding = 4; lastKnownFileType = sourcecode.c.objc; path = BlocksViewController.m; sourceTree = "<group>"; };
/* End PBXFileReference section */

/* Begin PBXFrameworksBuildPhase section */
		55BA1B9B1DA8F69A0075E425 /* Frameworks */ = {
			isa = PBXFrameworksBuildPhase;
			buildActionMask = 2147483647;
			files = (
			);
			runOnlyForDeploymentPostprocessing = 0;
		};
/* End PBXFrameworksBuildPhase section */

/* Begin PBXGroup section */
		55BA1B951DA8F69A0075E425 = {
			isa = PBXGroup;
			children = (
				55BA1BA01DA8F69A0075E425 /* OC_Block */,
				55BA1B9F1DA8F69A0075E425 /* Products */,
			);
			sourceTree = "<group>";
		};
		55BA1B9F1DA8F69A0075E425 /* Products */ = {
			isa = PBXGroup;
			children = (
				55BA1B9E1DA8F69A0075E425 /* OC_Block.app */,
			);
			name = Products;
			sourceTree = "<group>";
		};
		55BA1BA01DA8F69A0075E425 /* OC_Block */ = {
			isa = PBXGroup;
			children = (
				55BA1BA41DA8F69A0075E425 /* AppDelegate.h */,
				55BA1BA51DA8F69A0075E425 /* AppDelegate.m */,
				55BA1BA71DA8F69A0075E425 /* ViewController.h */,
				55BA1BA81DA8F69A0075E425 /* ViewController.m */,
				55BA1BAA1DA8F69A0075E425 /* Main.storyboard */,
				55BA1BB91DA8F7500075E425 /* BlocksViewController.h */,
				55BA1BBA1DA8F7500075E425 /* BlocksViewController.m */,
				55BA1BB81DA8F7500075E425 /* Blocks.storyboard */,
				55BA1BAD1DA8F69A0075E425 /* Assets.xcassets */,
				55BA1BAF1DA8F69A0075E425 /* LaunchScreen.storyboard */,
				55BA1BB21DA8F69A0075E425 /* Info.plist */,
				55BA1BA11DA8F69A0075E425 /* Supporting Files */,
			);
			path = OC_Block;
			sourceTree = "<group>";
		};
		55BA1BA11DA8F69A0075E425 /* Supporting Files */ = {
			isa = PBXGroup;
			children = (
				55BA1BA21DA8F69A0075E425 /* main.m */,
			);
			name = "Supporting Files";
			sourceTree = "<group>";
		};
/* End PBXGroup section */

/* Begin PBXNativeTarget section */
		55BA1B9D1DA8F69A0075E425 /* OC_Block */ = {
			isa = PBXNativeTarget;
			buildConfigurationList = 55BA1BB51DA8F69A0075E425 /* Build configuration list for PBXNativeTarget "OC_Block" */;
			buildPhases = (
				55BA1B9A1DA8F69A0075E425 /* Sources */,
				55BA1B9B1DA8F69A0075E425 /* Frameworks */,
				55BA1B9C1DA8F69A0075E425 /* Resources */,
			);
			buildRules = (
			);
			dependencies = (
			);
			name = OC_Block;
			productName = OC_Block;
			productReference = 55BA1B9E1DA8F69A0075E425 /* OC_Block.app */;
			productType = "com.apple.product-type.application";
		};
/* End PBXNativeTarget section */

/* Begin PBXProject section */
		55BA1B961DA8F69A0075E425 /* Project object */ = {
			isa = PBXProject;
			attributes = {
				LastUpgradeCheck = 0800;
				ORGANIZATIONNAME = victoria;
				TargetAttributes = {
					55BA1B9D1DA8F69A0075E425 = {
						CreatedOnToolsVersion = 8.0;
						ProvisioningStyle = Automatic;
					};
				};
			};
			buildConfigurationList = 55BA1B991DA8F69A0075E425 /* Build configuration list for PBXProject "OC_Block" */;
			compatibilityVersion = "Xcode 3.2";
			developmentRegion = English;
			hasScannedForEncodings = 0;
			knownRegions = (
				en,
				Base,
			);
			mainGroup = 55BA1B951DA8F69A0075E425;
			productRefGroup = 55BA1B9F1DA8F69A0075E425 /* Products */;
			projectDirPath = "";
			projectRoot = "";
			targets = (
				55BA1B9D1DA8F69A0075E425 /* OC_Block */,
			);
		};
/* End PBXProject section */

/* Begin PBXResourcesBuildPhase section */
		55BA1B9C1DA8F69A0075E425 /* Resources */ = {
			isa = PBXResourcesBuildPhase;
			buildActionMask = 2147483647;
			files = (
				55BA1BB11DA8F69A0075E425 /* LaunchScreen.storyboard in Resources */,
				55BA1BAE1DA8F69A0075E425 /* Assets.xcassets in Resources */,
				55BA1BBB1DA8F7500075E425 /* Blocks.storyboard in Resources */,
				55BA1BAC1DA8F69A0075E425 /* Main.storyboard in Resources */,
			);
			runOnlyForDeploymentPostprocessing = 0;
		};
/* End PBXResourcesBuildPhase section */

/* Begin PBXSourcesBuildPhase section */
		55BA1B9A1DA8F69A0075E425 /* Sources */ = {
			isa = PBXSourcesBuildPhase;
			buildActionMask = 2147483647;
			files = (
				55BA1BA91DA8F69A0075E425 /* ViewController.m in Sources */,
				55BA1BA61DA8F69A0075E425 /* AppDelegate.m in Sources */,
				55BA1BBC1DA8F7500075E425 /* BlocksViewController.m in Sources */,
				55BA1BA31DA8F69A0075E425 /* main.m in Sources */,
			);
			runOnlyForDeploymentPostprocessing = 0;
		};
/* End PBXSourcesBuildPhase section */

/* Begin PBXVariantGroup section */
		55BA1BAA1DA8F69A0075E425 /* Main.storyboard */ = {
			isa = PBXVariantGroup;
			children = (
				55BA1BAB1DA8F69A0075E425 /* Base */,
			);
			name = Main.storyboard;
			sourceTree = "<group>";
		};
		55BA1BAF1DA8F69A0075E425 /* LaunchScreen.storyboard */ = {
			isa = PBXVariantGroup;
			children = (
				55BA1BB01DA8F69A0075E425 /* Base */,
			);
			name = LaunchScreen.storyboard;
			sourceTree = "<group>";
		};
/* End PBXVariantGroup section */

/* Begin XCBuildConfiguration section */
		55BA1BB31DA8F69A0075E425 /* Debug */ = {
			isa = XCBuildConfiguration;
			buildSettings = {
				ALWAYS_SEARCH_USER_PATHS = NO;
				CLANG_ANALYZER_NONNULL = YES;
				CLANG_CXX_LANGUAGE_STANDARD = "gnu++0x";
				CLANG_CXX_LIBRARY = "libc++";
				CLANG_ENABLE_MODULES = YES;
				CLANG_ENABLE_OBJC_ARC = YES;
				CLANG_WARN_BOOL_CONVERSION = YES;
				CLANG_WARN_CONSTANT_CONVERSION = YES;
				CLANG_WARN_DIRECT_OBJC_ISA_USAGE = YES_ERROR;
				CLANG_WARN_DOCUMENTATION_COMMENTS = YES;
				CLANG_WARN_EMPTY_BODY = YES;
				CLANG_WARN_ENUM_CONVERSION = YES;
				CLANG_WARN_INFINITE_RECURSION = YES;
				CLANG_WARN_INT_CONVERSION = YES;
				CLANG_WARN_OBJC_ROOT_CLASS = YES_ERROR;
				CLANG_WARN_SUSPICIOUS_MOVES = YES;
				CLANG_WARN_UNREACHABLE_CODE = YES;
				CLANG_WARN__DUPLICATE_METHOD_MATCH = YES;
				"CODE_SIGN_IDENTITY[sdk=iphoneos*]" = "iPhone Developer";
				COPY_PHASE_STRIP = NO;
				DEBUG_INFORMATION_FORMAT = dwarf;
				ENABLE_STRICT_OBJC_MSGSEND = YES;
				ENABLE_TESTABILITY = YES;
				GCC_C_LANGUAGE_STANDARD = gnu99;
				GCC_DYNAMIC_NO_PIC = NO;
				GCC_NO_COMMON_BLOCKS = YES;
				GCC_OPTIMIZATION_LEVEL = 0;
				GCC_PREPROCESSOR_DEFINITIONS = (
					"DEBUG=1",
					"$(inherited)",
				);
				GCC_WARN_64_TO_32_BIT_CONVERSION = YES;
				GCC_WARN_ABOUT_RETURN_TYPE = YES_ERROR;
				GCC_WARN_UNDECLARED_SELECTOR = YES;
				GCC_WARN_UNINITIALIZED_AUTOS = YES_AGGRESSIVE;
				GCC_WARN_UNUSED_FUNCTION = YES;
				GCC_WARN_UNUSED_VARIABLE = YES;
				IPHONEOS_DEPLOYMENT_TARGET = 10.0;
				MTL_ENABLE_DEBUG_INFO = YES;
				ONLY_ACTIVE_ARCH = YES;
				SDKROOT = iphoneos;
				TARGETED_DEVICE_FAMILY = "1,2";
			};
			name = Debug;
		};
		55BA1BB41DA8F69A0075E425 /* Release */ = {
			isa = XCBuildConfiguration;
			buildSettings = {
				ALWAYS_SEARCH_USER_PATHS = NO;
				CLANG_ANALYZER_NONNULL = YES;
				CLANG_CXX_LANGUAGE_STANDARD = "gnu++0x";
				CLANG_CXX_LIBRARY = "libc++";
				CLANG_ENABLE_MODULES = YES;
				CLANG_ENABLE_OBJC_ARC = YES;
				CLANG_WARN_BOOL_CONVERSION = YES;
				CLANG_WARN_CONSTANT_CONVERSION = YES;
				CLANG_WARN_DIRECT_OBJC_ISA_USAGE = YES_ERROR;
				CLANG_WARN_DOCUMENTATION_COMMENTS = YES;
				CLANG_WARN_EMPTY_BODY = YES;
				CLANG_WARN_ENUM_CONVERSION = YES;
				CLANG_WARN_INFINITE_RECURSION = YES;
				CLANG_WARN_INT_CONVERSION = YES;
				CLANG_WARN_OBJC_ROOT_CLASS = YES_ERROR;
				CLANG_WARN_SUSPICIOUS_MOVES = YES;
				CLANG_WARN_UNREACHABLE_CODE = YES;
				CLANG_WARN__DUPLICATE_METHOD_MATCH = YES;
				"CODE_SIGN_IDENTITY[sdk=iphoneos*]" = "iPhone Developer";
				COPY_PHASE_STRIP = NO;
				DEBUG_INFORMATION_FORMAT = "dwarf-with-dsym";
				ENABLE_NS_ASSERTIONS = NO;
				ENABLE_STRICT_OBJC_MSGSEND = YES;
				GCC_C_LANGUAGE_STANDARD = gnu99;
				GCC_NO_COMMON_BLOCKS = YES;
				GCC_WARN_64_TO_32_BIT_CONVERSION = YES;
				GCC_WARN_ABOUT_RETURN_TYPE = YES_ERROR;
				GCC_WARN_UNDECLARED_SELECTOR = YES;
				GCC_WARN_UNINITIALIZED_AUTOS = YES_AGGRESSIVE;
				GCC_WARN_UNUSED_FUNCTION = YES;
				GCC_WARN_UNUSED_VARIABLE = YES;
				IPHONEOS_DEPLOYMENT_TARGET = 10.0;
				MTL_ENABLE_DEBUG_INFO = NO;
				SDKROOT = iphoneos;
				TARGETED_DEVICE_FAMILY = "1,2";
				VALIDATE_PRODUCT = YES;
			};
			name = Release;
		};
		55BA1BB61DA8F69A0075E425 /* Debug */ = {
			isa = XCBuildConfiguration;
			buildSettings = {
				ASSETCATALOG_COMPILER_APPICON_NAME = AppIcon;
				INFOPLIST_FILE = OC_Block/Info.plist;
				LD_RUNPATH_SEARCH_PATHS = "$(inherited) @executable_path/Frameworks";
				PRODUCT_BUNDLE_IDENTIFIER = "mm.OC-Block";
				PRODUCT_NAME = "$(TARGET_NAME)";
			};
			name = Debug;
		};
		55BA1BB71DA8F69A0075E425 /* Release */ = {
			isa = XCBuildConfiguration;
			buildSettings = {
				ASSETCATALOG_COMPILER_APPICON_NAME = AppIcon;
				INFOPLIST_FILE = OC_Block/Info.plist;
				LD_RUNPATH_SEARCH_PATHS = "$(inherited) @executable_path/Frameworks";
				PRODUCT_BUNDLE_IDENTIFIER = "mm.OC-Block";
				PRODUCT_NAME = "$(TARGET_NAME)";
			};
			name = Release;
		};
/* End XCBuildConfiguration section */

/* Begin XCConfigurationList section */
		55BA1B991DA8F69A0075E425 /* Build configuration list for PBXProject "OC_Block" */ = {
			isa = XCConfigurationList;
			buildConfigurations = (
				55BA1BB31DA8F69A0075E425 /* Debug */,
				55BA1BB41DA8F69A0075E425 /* Release */,
			);
			defaultConfigurationIsVisible = 0;
			defaultConfigurationName = Release;
		};
		55BA1BB51DA8F69A0075E425 /* Build configuration list for PBXNativeTarget "OC_Block" */ = {
			isa = XCConfigurationList;
			buildConfigurations = (
				55BA1BB61DA8F69A0075E425 /* Debug */,
				55BA1BB71DA8F69A0075E425 /* Release */,
			);
			defaultConfigurationIsVisible = 0;
		};
/* End XCConfigurationList section */
	};
	rootObject = 55BA1B961DA8F69A0075E425 /* Project object */;
}
